
Microsoft Visual Studio Solution File, Format Version 12.00
# Visual Studio Version 17
VisualStudioVersion = 17.5.002.0
MinimumVisualStudioVersion = 10.0.40219.1
Project("{9A19103F-16F7-4668-BE54-9A1E7A4F7556}") = "cw2-api", "cw2-api.csproj", "{05F58B48-9852-4F97-B14E-2A137B830577}"
EndProject
Global
	GlobalSection(SolutionConfigurationPlatforms) = preSolution
		Debug|Any CPU = Debug|Any CPU
		Release|Any CPU = Release|Any CPU
	EndGlobalSection
	GlobalSection(ProjectConfigurationPlatforms) = postSolution
		{05F58B48-9852-4F97-B14E-2A137B830577}.Debug|Any CPU.ActiveCfg = Debug|Any CPU
		{05F58B48-9852-4F97-B14E-2A137B830577}.Debug|Any CPU.Build.0 = Debug|Any CPU
		{05F58B48-9852-4F97-B14E-2A137B830577}.Release|Any CPU.ActiveCfg = Release|Any CPU
		{05F58B48-9852-4F97-B14E-2A137B830577}.Release|Any CPU.Build.0 = Release|Any CPU
	EndGlobalSection
	GlobalSection(SolutionProperties) = preSolution
		HideSolutionNode = FALSE
	EndGlobalSection
	GlobalSection(ExtensibilityGlobals) = postSolution
		SolutionGuid = {5300192D-39EC-48D7-BAF4-55C149E727AF}
	EndGlobalSection
EndGlobal
